
Microsoft Visual Studio Solution File, Format Version 12.00
# Visual Studio Version 17
VisualStudioVersion = 17.11.35327.3
MinimumVisualStudioVersion = 10.0.40219.1
Project("{FAE04EC0-301F-11D3-BF4B-00C04F79EFBC}") = "Assignments 6.2.1", "Assignments 6.2.1.csproj", "{B9CD247C-B7E3-4414-903F-B0AA17883DAC}"
EndProject
Global
	GlobalSection(SolutionConfigurationPlatforms) = preSolution
		Debug|Any CPU = Debug|Any CPU
		Release|Any CPU = Release|Any CPU
	EndGlobalSection
	GlobalSection(ProjectConfigurationPlatforms) = postSolution
		{B9CD247C-B7E3-4414-903F-B0AA17883DAC}.Debug|Any CPU.ActiveCfg = Debug|Any CPU
		{B9CD247C-B7E3-4414-903F-B0AA17883DAC}.Debug|Any CPU.Build.0 = Debug|Any CPU
		{B9CD247C-B7E3-4414-903F-B0AA17883DAC}.Release|Any CPU.ActiveCfg = Release|Any CPU
		{B9CD247C-B7E3-4414-903F-B0AA17883DAC}.Release|Any CPU.Build.0 = Release|Any CPU
	EndGlobalSection
	GlobalSection(SolutionProperties) = preSolution
		HideSolutionNode = FALSE
	EndGlobalSection
	GlobalSection(ExtensibilityGlobals) = postSolution
		SolutionGuid = {18A23DD2-6F9C-4C0F-9271-2161FA222189}
	EndGlobalSection
EndGlobal
